# This file is automatically @generated by Cargo.
# It is not intended for manual editing.
version = 3

[[package]]
name = "annex"
version = "0.1.0"
dependencies = [
 "bootloader",
 "conquer-once",
 "font8x8",
 "spin",
]

[[package]]
name = "bootloader"
version = "0.10.12"
source = "registry+https://github.com/rust-lang/crates.io-index"
checksum = "f2d9b14b92a825ecc3b24e4c163a578af473fbba5f190bfaf48092b29b604504"

[[package]]
name = "conquer-once"
version = "0.3.2"
source = "registry+https://github.com/rust-lang/crates.io-index"
checksum = "7c6d3a9775a69f6d1fe2cc888999b67ed30257d3da4d2af91984e722f2ec918a"
dependencies = [
 "conquer-util",
]

[[package]]
name = "conquer-util"
version = "0.3.0"
source = "registry+https://github.com/rust-lang/crates.io-index"
checksum = "e763eef8846b13b380f37dfecda401770b0ca4e56e95170237bd7c25c7db3582"

[[package]]
name = "font8x8"
version = "0.3.1"
source = "registry+https://github.com/rust-lang/crates.io-index"
checksum = "875488b8711a968268c7cf5d139578713097ca4635a76044e8fe8eedf831d07e"

[[package]]
name = "spin"
version = "0.9.3"
source = "registry+https://github.com/rust-lang/crates.io-index"
checksum = "c530c2b0d0bf8b69304b39fe2001993e267461948b890cd037d8ad4293fa1a0d"
